
Microsoft Visual Studio Solution File, Format Version 12.00
# Visual Studio 15
VisualStudioVersion = 15.0.28307.1401
MinimumVisualStudioVersion = 10.0.40219.1
Project("{FAE04EC0-301F-11D3-BF4B-00C04F79EFBC}") = "WFSQL", "SQLWF\WFSQL.csproj", "{A10E2920-7F95-45DC-A60E-3A8E09BD0700}"
EndProject
Project("{FAE04EC0-301F-11D3-BF4B-00C04F79EFBC}") = "DatabaseUnitTests", "DatabaseUnitTests\DatabaseUnitTests.csproj", "{E1EA6FAF-A1A0-4C64-88DF-F9C5934C776F}"
EndProject
Project("{FAE04EC0-301F-11D3-BF4B-00C04F79EFBC}") = "Sample", "Sample\Sample.csproj", "{DE065704-47F4-4E11-9287-0492A0BFDE3F}"
EndProject
Global
	GlobalSection(SolutionConfigurationPlatforms) = preSolution
		Debug|Any CPU = Debug|Any CPU
		Release|Any CPU = Release|Any CPU
	EndGlobalSection
	GlobalSection(ProjectConfigurationPlatforms) = postSolution
		{A10E2920-7F95-45DC-A60E-3A8E09BD0700}.Debug|Any CPU.ActiveCfg = Debug|Any CPU
		{A10E2920-7F95-45DC-A60E-3A8E09BD0700}.Debug|Any CPU.Build.0 = Debug|Any CPU
		{A10E2920-7F95-45DC-A60E-3A8E09BD0700}.Release|Any CPU.ActiveCfg = Release|Any CPU
		{A10E2920-7F95-45DC-A60E-3A8E09BD0700}.Release|Any CPU.Build.0 = Release|Any CPU
		{E1EA6FAF-A1A0-4C64-88DF-F9C5934C776F}.Debug|Any CPU.ActiveCfg = Debug|Any CPU
		{E1EA6FAF-A1A0-4C64-88DF-F9C5934C776F}.Debug|Any CPU.Build.0 = Debug|Any CPU
		{E1EA6FAF-A1A0-4C64-88DF-F9C5934C776F}.Release|Any CPU.ActiveCfg = Release|Any CPU
		{E1EA6FAF-A1A0-4C64-88DF-F9C5934C776F}.Release|Any CPU.Build.0 = Release|Any CPU
		{DE065704-47F4-4E11-9287-0492A0BFDE3F}.Debug|Any CPU.ActiveCfg = Debug|Any CPU
		{DE065704-47F4-4E11-9287-0492A0BFDE3F}.Debug|Any CPU.Build.0 = Debug|Any CPU
		{DE065704-47F4-4E11-9287-0492A0BFDE3F}.Release|Any CPU.ActiveCfg = Release|Any CPU
		{DE065704-47F4-4E11-9287-0492A0BFDE3F}.Release|Any CPU.Build.0 = Release|Any CPU
	EndGlobalSection
	GlobalSection(SolutionProperties) = preSolution
		HideSolutionNode = FALSE
	EndGlobalSection
	GlobalSection(ExtensibilityGlobals) = postSolution
		SolutionGuid = {5AD138B2-0A60-4B30-B7CC-324DF0C07EAB}
	EndGlobalSection
EndGlobal
